<?xml version="1.0" encoding="UTF-8" standalone="yes" ?>
<CodeBlocks_project_file>
	<FileVersion major="1" minor="6" />
	<Project>
		<Option title="UML" />
		<Option pch_mode="2" />
		<Option compiler="gcc" />
		<Build>
			<Target title="Debug">
				<Option output="bin/Debug/UML" prefix_auto="1" extension_auto="1" />
				<Option object_output="obj/Debug/" />
				<Option type="1" />
				<Option compiler="gcc" />
				<Compiler>
					<Add option="-g" />
				</Compiler>
			</Target>
			<Target title="Release">
				<Option output="bin/Release/UML" prefix_auto="1" extension_auto="1" />
				<Option object_output="obj/Release/" />
				<Option type="1" />
				<Option compiler="gcc" />
				<Compiler>
					<Add option="-O2" />
				</Compiler>
				<Linker>
					<Add option="-s" />
				</Linker>
			</Target>
		</Build>
		<Compiler>
			<Add option="-Wall" />
		</Compiler>
		<Unit filename="Afficher/Afficheur.cpp" />
		<Unit filename="Afficher/Afficheur.h" />
		<Unit filename="Afficher/AfficheurDefault.cpp" />
		<Unit filename="Afficher/AfficheurDefault.h" />
		<Unit filename="Afficher/ElementARepresenter.cpp" />
		<Unit filename="Afficher/ElementARepresenter.h" />
		<Unit filename="BaseRobot/Objet.cpp" />
		<Unit filename="BaseRobot/Objet.h" />
		<Unit filename="BaseRobot/Plot.cpp" />
		<Unit filename="BaseRobot/Plot.h" />
		<Unit filename="BaseRobot/Position.cpp" />
		<Unit filename="BaseRobot/Position.h" />
		<Unit filename="BaseRobot/Robot.cpp" />
		<Unit filename="BaseRobot/Robot.h" />
		<Unit filename="Commande/Appeler.cpp" />
		<Unit filename="Commande/Appeler.h" />
		<Unit filename="Commande/Avancer.cpp" />
		<Unit filename="Commande/Avancer.h" />
		<Unit filename="Commande/Commande.cpp" />
		<Unit filename="Commande/Commande.h" />
		<Unit filename="Commande/DefMacro.cpp" />
		<Unit filename="Commande/DefMacro.h" />
		<Unit filename="Commande/EvaluerObst.cpp" />
		<Unit filename="Commande/EvaluerObst.h" />
		<Unit filename="Commande/FigerC.cpp" />
		<Unit filename="Commande/FigerC.h" />
		<Unit filename="Commande/LecteurFichier.cpp" />
		<Unit filename="Commande/LecteurFichier.h" />
		<Unit filename="Commande/PeserObjet.cpp" />
		<Unit filename="Commande/PeserObjet.h" />
		<Unit filename="Commande/Poser.cpp" />
		<Unit filename="Commande/Poser.h" />
		<Unit filename="Commande/RencontrerObst.cpp" />
		<Unit filename="Commande/RencontrerObst.h" />
		<Unit filename="Commande/Repartir.cpp" />
		<Unit filename="Commande/Repartir.h" />
		<Unit filename="Commande/Saisir.cpp" />
		<Unit filename="Commande/Saisir.h" />
		<Unit filename="Commande/Tourner.cpp" />
		<Unit filename="Commande/Tourner.h" />
		<Unit filename="Etat/AVide.cpp" />
		<Unit filename="Etat/AVide.h" />
		<Unit filename="Etat/AVideFacePlot.cpp" />
		<Unit filename="Etat/AVideFacePlot.h" />
		<Unit filename="Etat/EnCharge.cpp" />
		<Unit filename="Etat/EnCharge.h" />
		<Unit filename="Etat/EnChargeFacePlot.cpp" />
		<Unit filename="Etat/EnChargeFacePlot.h" />
		<Unit filename="Etat/EnRoute.cpp" />
		<Unit filename="Etat/EnRoute.h" />
		<Unit filename="Etat/EtatRobot.cpp" />
		<Unit filename="Etat/EtatRobot.h" />
		<Unit filename="Etat/Figer.cpp" />
		<Unit filename="Etat/Figer.h" />
		<Unit filename="Outil/List.h" />
		<Unit filename="Outil/Stack.h" />
		<Unit filename="main.cpp" />
		<Extensions>
			<code_completion />
			<envvars />
			<debugger />
			<lib_finder disable_auto="1" />
		</Extensions>
	</Project>
</CodeBlocks_project_file>
